// !$*UTF8*$!
{
    archiveVersion = 1;
    classes = {};
    objectVersion = 56;
    objects = {

/* Begin PBXBuildFile section */
        A001 /* NikaidoExplorerApp.swift in Sources */ = {isa = PBXBuildFile; fileRef = B001 /* NikaidoExplorerApp.swift */; };
        A002 /* ContentView.swift in Sources */ = {isa = PBXBuildFile; fileRef = B002 /* ContentView.swift */; };
        A003 /* FolderPicker.swift in Sources */ = {isa = PBXBuildFile; fileRef = B003 /* FolderPicker.swift */; };
        A004 /* VaultItem.swift in Sources */ = {isa = PBXBuildFile; fileRef = B004 /* VaultItem.swift */; };
        A005 /* SecCollectionCrypto.swift in Sources */ = {isa = PBXBuildFile; fileRef = B005 /* SecCollectionCrypto.swift */; };
        A006 /* VaultSession.swift in Sources */ = {isa = PBXBuildFile; fileRef = B006 /* VaultSession.swift */; };
        A007 /* VaultThumbnail.swift in Sources */ = {isa = PBXBuildFile; fileRef = B007 /* VaultThumbnail.swift */; };
        A008 /* MediaViewer.swift in Sources */ = {isa = PBXBuildFile; fileRef = B008 /* MediaViewer.swift */; };
        A009 /* PrivateVaultCrypto.swift in Sources */ = {isa = PBXBuildFile; fileRef = B010 /* PrivateVaultCrypto.swift */; };
        A010 /* PrivateVaultModel.swift in Sources */ = {isa = PBXBuildFile; fileRef = B011 /* PrivateVaultModel.swift */; };
        A011 /* PrivateVaultSession.swift in Sources */ = {isa = PBXBuildFile; fileRef = B012 /* PrivateVaultSession.swift */; };
        A012 /* PrivateVaultView.swift in Sources */ = {isa = PBXBuildFile; fileRef = B013 /* PrivateVaultView.swift */; };
        A013 /* ZipFilePicker.swift in Sources */ = {isa = PBXBuildFile; fileRef = B014 /* ZipFilePicker.swift */; };
        A014 /* SecZipImporter.swift in Sources */ = {isa = PBXBuildFile; fileRef = B015 /* SecZipImporter.swift */; };
        A015 /* ZIPFoundation in Frameworks */ = {isa = PBXBuildFile; productRef = Z001 /* ZIPFoundation */; };
        A016 /* PrivacyShield.swift in Sources */ = {isa = PBXBuildFile; fileRef = B016 /* PrivacyShield.swift */; };
        A018 /* StoredSecZipViewer.swift in Sources */ = {isa = PBXBuildFile; fileRef = B018 /* StoredSecZipViewer.swift */; };
        A019 /* LANVaultReceiver.swift in Sources */ = {isa = PBXBuildFile; fileRef = B019 /* LANVaultReceiver.swift */; };
        A020 /* LANReceiveView.swift in Sources */ = {isa = PBXBuildFile; fileRef = B020 /* LANReceiveView.swift */; };
        A021 /* StoredSecCollectionViewer.swift in Sources */ = {isa = PBXBuildFile; fileRef = B021 /* StoredSecCollectionViewer.swift */; };
        A022 /* ImageDownsampler.swift in Sources */ = {isa = PBXBuildFile; fileRef = B022 /* ImageDownsampler.swift */; };
        A023 /* LANTransferActivity.swift in Sources */ = {isa = PBXBuildFile; fileRef = B023 /* LANTransferActivity.swift */; };
        A024 /* StoredSecVideoPlayer.swift in Sources */ = {isa = PBXBuildFile; fileRef = B024 /* StoredSecVideoPlayer.swift */; };
        A025 /* NikaidoTransferJournal.swift in Sources */ = {isa = PBXBuildFile; fileRef = B025 /* NikaidoTransferJournal.swift */; };
        A026 /* NikaidoVaultHealth.swift in Sources */ = {isa = PBXBuildFile; fileRef = B026 /* NikaidoVaultHealth.swift */; };
        A027 /* NikaidoVaultMigration.swift in Sources */ = {isa = PBXBuildFile; fileRef = B027 /* NikaidoVaultMigration.swift */; };
        A028 /* SecDirectVideoPlayer.swift in Sources */ = {isa = PBXBuildFile; fileRef = B028 /* SecDirectVideoPlayer.swift */; };
        A029 /* PrivateVaultVideoPlayer.swift in Sources */ = {isa = PBXBuildFile; fileRef = B029 /* PrivateVaultVideoPlayer.swift */; };
/* End PBXBuildFile section */

/* Begin PBXFileReference section */
        B001 = {isa = PBXFileReference; lastKnownFileType = sourcecode.swift; path = NikaidoExplorerApp.swift; sourceTree = "<group>"; };
        B002 = {isa = PBXFileReference; lastKnownFileType = sourcecode.swift; path = ContentView.swift; sourceTree = "<group>"; };
        B003 = {isa = PBXFileReference; lastKnownFileType = sourcecode.swift; path = FolderPicker.swift; sourceTree = "<group>"; };
        B004 = {isa = PBXFileReference; lastKnownFileType = sourcecode.swift; path = VaultItem.swift; sourceTree = "<group>"; };
        B005 = {isa = PBXFileReference; lastKnownFileType = sourcecode.swift; path = SecCollectionCrypto.swift; sourceTree = "<group>"; };
        B006 = {isa = PBXFileReference; lastKnownFileType = sourcecode.swift; path = VaultSession.swift; sourceTree = "<group>"; };
        B007 = {isa = PBXFileReference; lastKnownFileType = sourcecode.swift; path = VaultThumbnail.swift; sourceTree = "<group>"; };
        B008 = {isa = PBXFileReference; lastKnownFileType = sourcecode.swift; path = MediaViewer.swift; sourceTree = "<group>"; };
        B009 = {isa = PBXFileReference; lastKnownFileType = text.plist.xml; path = Info.plist; sourceTree = "<group>"; };
        B010 = {isa = PBXFileReference; lastKnownFileType = sourcecode.swift; path = PrivateVaultCrypto.swift; sourceTree = "<group>"; };
        B011 = {isa = PBXFileReference; lastKnownFileType = sourcecode.swift; path = PrivateVaultModel.swift; sourceTree = "<group>"; };
        B012 = {isa = PBXFileReference; lastKnownFileType = sourcecode.swift; path = PrivateVaultSession.swift; sourceTree = "<group>"; };
        B013 = {isa = PBXFileReference; lastKnownFileType = sourcecode.swift; path = PrivateVaultView.swift; sourceTree = "<group>"; };
        B014 = {isa = PBXFileReference; lastKnownFileType = sourcecode.swift; path = ZipFilePicker.swift; sourceTree = "<group>"; };
        B015 = {isa = PBXFileReference; lastKnownFileType = sourcecode.swift; path = SecZipImporter.swift; sourceTree = "<group>"; };
        B016 = {isa = PBXFileReference; lastKnownFileType = sourcecode.swift; path = PrivacyShield.swift; sourceTree = "<group>"; };
        B018 = {isa = PBXFileReference; lastKnownFileType = sourcecode.swift; path = StoredSecZipViewer.swift; sourceTree = "<group>"; };
        B019 = {isa = PBXFileReference; lastKnownFileType = sourcecode.swift; path = LANVaultReceiver.swift; sourceTree = "<group>"; };
        B020 = {isa = PBXFileReference; lastKnownFileType = sourcecode.swift; path = LANReceiveView.swift; sourceTree = "<group>"; };
        B021 = {isa = PBXFileReference; lastKnownFileType = sourcecode.swift; path = StoredSecCollectionViewer.swift; sourceTree = "<group>"; };
        B022 = {isa = PBXFileReference; lastKnownFileType = sourcecode.swift; path = ImageDownsampler.swift; sourceTree = "<group>"; };
        B023 = {isa = PBXFileReference; lastKnownFileType = sourcecode.swift; path = LANTransferActivity.swift; sourceTree = "<group>"; };
        B024 = {isa = PBXFileReference; lastKnownFileType = sourcecode.swift; path = StoredSecVideoPlayer.swift; sourceTree = "<group>"; };
        B025 = {isa = PBXFileReference; lastKnownFileType = sourcecode.swift; path = NikaidoTransferJournal.swift; sourceTree = "<group>"; };
        B026 = {isa = PBXFileReference; lastKnownFileType = sourcecode.swift; path = NikaidoVaultHealth.swift; sourceTree = "<group>"; };
        B027 = {isa = PBXFileReference; lastKnownFileType = sourcecode.swift; path = NikaidoVaultMigration.swift; sourceTree = "<group>"; };
        B028 = {isa = PBXFileReference; lastKnownFileType = sourcecode.swift; path = SecDirectVideoPlayer.swift; sourceTree = "<group>"; };
        B029 = {isa = PBXFileReference; lastKnownFileType = sourcecode.swift; path = PrivateVaultVideoPlayer.swift; sourceTree = "<group>"; };
        B100 = {isa = PBXFileReference; explicitFileType = wrapper.application; includeInIndex = 0; path = SolidSecViewer.app; sourceTree = BUILT_PRODUCTS_DIR; };
/* End PBXFileReference section */

/* Begin PBXFrameworksBuildPhase section */
        C001 = {
            isa = PBXFrameworksBuildPhase;
            buildActionMask = 2147483647;
            files = (
                A015 /* ZIPFoundation in Frameworks */,
            );
            runOnlyForDeploymentPostprocessing = 0;
        };
/* End PBXFrameworksBuildPhase section */

/* Begin PBXGroup section */
        D001 = {
            isa = PBXGroup;
            children = (
                D002 /* SolidSecViewer */,
                D003 /* Products */,
            );
            sourceTree = "<group>";
        };
        D002 = {
            isa = PBXGroup;
            children = (
                B001, B002, B003, B004, B005, B006, B007, B008, B009, B010, B011, B012, B013, B014, B015, B016,  B018, B019, B020, B021, B022, B023, B024, B025, B026, B027, B028, B029,
            );
            path = SolidSecViewer;
            sourceTree = "<group>";
        };
        D003 = {
            isa = PBXGroup;
            children = (B100,);
            name = Products;
            sourceTree = "<group>";
        };
/* End PBXGroup section */

/* Begin PBXNativeTarget section */
        E001 = {
            isa = PBXNativeTarget;
            buildConfigurationList = F002;
            buildPhases = (
                C002 /* Sources */,
                C001 /* Frameworks */,
                C003 /* Resources */,
            );
            buildRules = ();
            dependencies = ();
            name = SolidSecViewer;
            packageProductDependencies = (
                Z001 /* ZIPFoundation */,
            );
            productName = SolidSecViewer;
            productReference = B100;
            productType = "com.apple.product-type.application";
        };
/* End PBXNativeTarget section */

/* Begin PBXProject section */
        P001 = {
            isa = PBXProject;
            attributes = {
                BuildIndependentTargetsInParallel = 1;
                LastSwiftUpdateCheck = 1600;
                LastUpgradeCheck = 1600;
                TargetAttributes = { E001 = { CreatedOnToolsVersion = 16.0; }; };
            };
            buildConfigurationList = F001;
            compatibilityVersion = "Xcode 14.0";
            developmentRegion = en;
            hasScannedForEncodings = 0;
            knownRegions = (en, Base);
            mainGroup = D001;
            productRefGroup = D003;
            projectDirPath = "";
            projectRoot = "";
            packageReferences = (
                Y001 /* XCRemoteSwiftPackageReference "ZIPFoundation" */,
            );
            targets = (E001,);
        };
/* End PBXProject section */

/* Begin PBXResourcesBuildPhase section */
        C003 = {
            isa = PBXResourcesBuildPhase;
            buildActionMask = 2147483647;
            files = ();
            runOnlyForDeploymentPostprocessing = 0;
        };
/* End PBXResourcesBuildPhase section */

/* Begin PBXSourcesBuildPhase section */
        C002 = {
            isa = PBXSourcesBuildPhase;
            buildActionMask = 2147483647;
            files = (A001,A002,A003,A004,A005,A006,A007,A008,A009,A010,A011,A012,A013,A014,A016,A018,A019,A020,A021,A022,A023,A024,A025,A026,A027,A028,A029,);
            runOnlyForDeploymentPostprocessing = 0;
        };
/* End PBXSourcesBuildPhase section */


/* Begin XCRemoteSwiftPackageReference section */
        Y001 /* XCRemoteSwiftPackageReference "ZIPFoundation" */ = {
            isa = XCRemoteSwiftPackageReference;
            repositoryURL = "https://github.com/weichsel/ZIPFoundation.git";
            requirement = {
                kind = exactVersion;
                version = 0.9.20;
            };
        };
/* End XCRemoteSwiftPackageReference section */

/* Begin XCSwiftPackageProductDependency section */
        Z001 /* ZIPFoundation */ = {
            isa = XCSwiftPackageProductDependency;
            package = Y001 /* XCRemoteSwiftPackageReference "ZIPFoundation" */;
            productName = ZIPFoundation;
        };
/* End XCSwiftPackageProductDependency section */

/* Begin XCBuildConfiguration section */
        G001 = {
            isa = XCBuildConfiguration;
            buildSettings = {
                ALWAYS_SEARCH_USER_PATHS = NO;
                CLANG_ENABLE_MODULES = YES;
                IPHONEOS_DEPLOYMENT_TARGET = 16.0;
                SDKROOT = iphoneos;
                SWIFT_VERSION = 5.0;
            };
            name = Debug;
        };
        G002 = {
            isa = XCBuildConfiguration;
            buildSettings = {
                ALWAYS_SEARCH_USER_PATHS = NO;
                CLANG_ENABLE_MODULES = YES;
                IPHONEOS_DEPLOYMENT_TARGET = 16.0;
                SDKROOT = iphoneos;
                SWIFT_VERSION = 5.0;
            };
            name = Release;
        };
        G003 = {
            isa = XCBuildConfiguration;
            buildSettings = {
                CODE_SIGN_STYLE = Automatic;
                CURRENT_PROJECT_VERSION = 24;
                EXECUTABLE_NAME = SolidSecViewer;
                GENERATE_INFOPLIST_FILE = NO;
                INFOPLIST_FILE = SolidSecViewer/Info.plist;
                IPHONEOS_DEPLOYMENT_TARGET = 16.0;
                MARKETING_VERSION = 0.8.2;
                PRODUCT_BUNDLE_IDENTIFIER = com.teamnikaido.solidsecviewer;
                PRODUCT_NAME = "$(TARGET_NAME)";
                SWIFT_EMIT_LOC_STRINGS = YES;
                SWIFT_VERSION = 5.0;
                TARGETED_DEVICE_FAMILY = "1";
            };
            name = Debug;
        };
        G004 = {
            isa = XCBuildConfiguration;
            buildSettings = {
                CODE_SIGN_STYLE = Automatic;
                CURRENT_PROJECT_VERSION = 24;
                EXECUTABLE_NAME = SolidSecViewer;
                GENERATE_INFOPLIST_FILE = NO;
                INFOPLIST_FILE = SolidSecViewer/Info.plist;
                IPHONEOS_DEPLOYMENT_TARGET = 16.0;
                MARKETING_VERSION = 0.8.2;
                PRODUCT_BUNDLE_IDENTIFIER = com.teamnikaido.solidsecviewer;
                PRODUCT_NAME = "$(TARGET_NAME)";
                SWIFT_EMIT_LOC_STRINGS = YES;
                SWIFT_VERSION = 5.0;
                TARGETED_DEVICE_FAMILY = "1";
            };
            name = Release;
        };
/* End XCBuildConfiguration section */

/* Begin XCConfigurationList section */
        F001 = {
            isa = XCConfigurationList;
            buildConfigurations = (G001,G002,);
            defaultConfigurationIsVisible = 0;
            defaultConfigurationName = Release;
        };
        F002 = {
            isa = XCConfigurationList;
            buildConfigurations = (G003,G004,);
            defaultConfigurationIsVisible = 0;
            defaultConfigurationName = Release;
        };
/* End XCConfigurationList section */
    };
    rootObject = P001;
}
